version = 1
revision = 3
requires-python = ">=3.11"

[[package]]
name = "argh"
version = "0.31.3"
source = { registry = "https://pypi.org/simple" }
sdist = { url = "https://files.pythonhosted.org/packages/4f/34/bc0b3577a818b4b70c6e318d23fe3c81fc3bb25f978ca8a3965cd8ee3af9/argh-0.31.3.tar.gz", hash = "sha256:f30023d8be14ca5ee6b1b3eeab829151d7bbda464ae07dc4dd5347919c5892f9", size = 57570, upload-time = "2024-07-13T17:54:59.729Z" }
wheels = [
    { url = "https://files.pythonhosted.org/packages/d2/52/fcd83710b6f8786df80e5d335882d1b24d1f610f397703e94a6ffb0d6f66/argh-0.31.3-py3-none-any.whl", hash = "sha256:2edac856ff50126f6e47d884751328c9f466bacbbb6cbfdac322053d94705494", size = 44844, upload-time = "2024-07-13T17:54:57.706Z" },
]

[[package]]
name = "bag"
version = "5.0.1"
source = { registry = "https://pypi.org/simple" }
dependencies = [
    { name = "argh" },
    { name = "polib" },
]
sdist = { url = "https://files.pythonhosted.org/packages/62/23/0571fdf6600e89c0d6ff33944e0a8f6e2a5633547a6e506a293593ebc82b/bag-5.0.1.tar.gz", hash = "sha256:1b2faf996bfa88c01b8222ed81e95367cc944e24b36beb5a355d2fbb290c97f4", size = 96808, upload-time = "2022-11-23T09:07:47.044Z" }
wheels = [
    { url = "https://files.pythonhosted.org/packages/35/90/9268a9a521940dca6d23a864c9c689f7f3024c9de06f67b431c12bc847f8/bag-5.0.1-py3-none-any.whl", hash = "sha256:31e30ffea4117bb696acdae7c5316f39a4ce77fe51578a40bd34f929e209e50d", size = 113025, upload-time = "2022-11-23T09:07:44.909Z" },
]

[[package]]
name = "colander"
version = "2.0"
source = { registry = "https://pypi.org/simple" }
dependencies = [
    { name = "iso8601" },
    { name = "translationstring" },
]
sdist = { url = "https://files.pythonhosted.org/packages/1c/de/cf5f43f6ad702486473a40480d4f36efc03cba29ca372b55d78e9af0f2ca/colander-2.0.tar.gz", hash = "sha256:419cd68178d2ee6ee4cae5d5cb1830725634b0a2840917156e89eb2592237ef3", size = 137014, upload-time = "2023-01-03T02:20:04.696Z" }
wheels = [
    { url = "https://files.pythonhosted.org/packages/8e/55/b83c3cf4e997ab2c1e1f1bccee2fb1b75ad6977faa0c906f965da55be1bf/colander-2.0-py3-none-any.whl", hash = "sha256:cb6b929fd0e79cdd3d310d3229e8f7884bd4fddd5cbf1d882063a6fb283b272b", size = 98754, upload-time = "2023-01-03T02:20:02.15Z" },
]

[[package]]
name = "colorama"
version = "0.4.6"
source = { registry = "https://pypi.org/simple" }
sdist = { url = "https://files.pythonhosted.org/packages/d8/53/6f443c9a4a8358a93a6792e2acffb9d9d5cb0a5cfd8802644b7b1c9a02e4/colorama-0.4.6.tar.gz", hash = "sha256:08695f5cb7ed6e0531a20572697297273c47b8cae5a63ffc6d6ed5c201be6e44", size = 27697, upload-time = "2022-10-25T02:36:22.414Z" }
wheels = [
    { url = "https://files.pythonhosted.org/packages/d1/d6/3965ed04c63042e047cb6a3e6ed1a63a35087b6a609aa3a15ed8ac56c221/colorama-0.4.6-py2.py3-none-any.whl", hash = "sha256:4f1d9991f5acc0ca119f9d443620b77f9d6b33703e51011c16baf57afb285fc6", size = 25335, upload-time = "2022-10-25T02:36:20.889Z" },
]

[[package]]
name = "iniconfig"
version = "2.3.0"
source = { registry = "https://pypi.org/simple" }
sdist = { url = "https://files.pythonhosted.org/packages/72/34/14ca021ce8e5dfedc35312d08ba8bf51fdd999c576889fc2c24cb97f4f10/iniconfig-2.3.0.tar.gz", hash = "sha256:c76315c77db068650d49c5b56314774a7804df16fee4402c1f19d6d15d8c4730", size = 20503, upload-time = "2025-10-18T21:55:43.219Z" }
wheels = [
    { url = "https://files.pythonhosted.org/packages/cb/b1/3846dd7f199d53cb17f49cba7e651e9ce294d8497c8c150530ed11865bb8/iniconfig-2.3.0-py3-none-any.whl", hash = "sha256:f631c04d2c48c52b84d0d0549c99ff3859c98df65b3101406327ecc7d53fbf12", size = 7484, upload-time = "2025-10-18T21:55:41.639Z" },
]

[[package]]
name = "iso8601"
version = "2.1.0"
source = { registry = "https://pypi.org/simple" }
sdist = { url = "https://files.pythonhosted.org/packages/b9/f3/ef59cee614d5e0accf6fd0cbba025b93b272e626ca89fb70a3e9187c5d15/iso8601-2.1.0.tar.gz", hash = "sha256:6b1d3829ee8921c4301998c909f7829fa9ed3cbdac0d3b16af2d743aed1ba8df", size = 6522, upload-time = "2023-10-03T00:25:39.317Z" }
wheels = [
    { url = "https://files.pythonhosted.org/packages/6c/0c/f37b6a241f0759b7653ffa7213889d89ad49a2b76eb2ddf3b57b2738c347/iso8601-2.1.0-py3-none-any.whl", hash = "sha256:aac4145c4dcb66ad8b648a02830f5e2ff6c24af20f4f482689be402db2429242", size = 7545, upload-time = "2023-10-03T00:25:32.304Z" },
]

[[package]]
name = "kerno"
version = "0.8.1.dev1"
source = { editable = "." }
dependencies = [
    { name = "bag" },
    { name = "reg" },
]

[package.dev-dependencies]
dev = [
    { name = "colander" },
    { name = "pytest" },
]

[package.metadata]
requires-dist = [
    { name = "bag", specifier = ">=5.0" },
    { name = "reg", specifier = "==0.12" },
]

[package.metadata.requires-dev]
dev = [
    { name = "colander" },
    { name = "pytest" },
]

[[package]]
name = "packaging"
version = "26.0"
source = { registry = "https://pypi.org/simple" }
sdist = { url = "https://files.pythonhosted.org/packages/65/ee/299d360cdc32edc7d2cf530f3accf79c4fca01e96ffc950d8a52213bd8e4/packaging-26.0.tar.gz", hash = "sha256:00243ae351a257117b6a241061796684b084ed1c516a08c48a3f7e147a9d80b4", size = 143416, upload-time = "2026-01-21T20:50:39.064Z" }
wheels = [
    { url = "https://files.pythonhosted.org/packages/b7/b9/c538f279a4e237a006a2c98387d081e9eb060d203d8ed34467cc0f0b9b53/packaging-26.0-py3-none-any.whl", hash = "sha256:b36f1fef9334a5588b4166f8bcd26a14e521f2b55e6b9de3aaa80d3ff7a37529", size = 74366, upload-time = "2026-01-21T20:50:37.788Z" },
]

[[package]]
name = "pluggy"
version = "1.6.0"
source = { registry = "https://pypi.org/simple" }
sdist = { url = "https://files.pythonhosted.org/packages/f9/e2/3e91f31a7d2b083fe6ef3fa267035b518369d9511ffab804f839851d2779/pluggy-1.6.0.tar.gz", hash = "sha256:7dcc130b76258d33b90f61b658791dede3486c3e6bfb003ee5c9bfb396dd22f3", size = 69412, upload-time = "2025-05-15T12:30:07.975Z" }
wheels = [
    { url = "https://files.pythonhosted.org/packages/54/20/4d324d65cc6d9205fabedc306948156824eb9f0ee1633355a8f7ec5c66bf/pluggy-1.6.0-py3-none-any.whl", hash = "sha256:e920276dd6813095e9377c0bc5566d94c932c33b27a3e3945d8389c374dd4746", size = 20538, upload-time = "2025-05-15T12:30:06.134Z" },
]

[[package]]
name = "polib"
version = "1.2.0"
source = { registry = "https://pypi.org/simple" }
sdist = { url = "https://files.pythonhosted.org/packages/10/9a/79b1067d27e38ddf84fe7da6ec516f1743f31f752c6122193e7bce38bdbf/polib-1.2.0.tar.gz", hash = "sha256:f3ef94aefed6e183e342a8a269ae1fc4742ba193186ad76f175938621dbfc26b", size = 161658, upload-time = "2023-02-23T17:53:56.873Z" }
wheels = [
    { url = "https://files.pythonhosted.org/packages/6b/99/45bb1f9926efe370c6dbe324741c749658e44cb060124f28dad201202274/polib-1.2.0-py2.py3-none-any.whl", hash = "sha256:1c77ee1b81feb31df9bca258cbc58db1bbb32d10214b173882452c73af06d62d", size = 20634, upload-time = "2023-02-23T17:53:59.919Z" },
]

[[package]]
name = "pygments"
version = "2.19.2"
source = { registry = "https://pypi.org/simple" }
sdist = { url = "https://files.pythonhosted.org/packages/b0/77/a5b8c569bf593b0140bde72ea885a803b82086995367bf2037de0159d924/pygments-2.19.2.tar.gz", hash = "sha256:636cb2477cec7f8952536970bc533bc43743542f70392ae026374600add5b887", size = 4968631, upload-time = "2025-06-21T13:39:12.283Z" }
wheels = [
    { url = "https://files.pythonhosted.org/packages/c7/21/705964c7812476f378728bdf590ca4b771ec72385c533964653c68e86bdc/pygments-2.19.2-py3-none-any.whl", hash = "sha256:86540386c03d588bb81d44bc3928634ff26449851e99741617ecb9037ee5ec0b", size = 1225217, upload-time = "2025-06-21T13:39:07.939Z" },
]

[[package]]
name = "pytest"
version = "9.0.2"
source = { registry = "https://pypi.org/simple" }
dependencies = [
    { name = "colorama", marker = "sys_platform == 'win32'" },
    { name = "iniconfig" },
    { name = "packaging" },
    { name = "pluggy" },
    { name = "pygments" },
]
sdist = { url = "https://files.pythonhosted.org/packages/d1/db/7ef3487e0fb0049ddb5ce41d3a49c235bf9ad299b6a25d5780a89f19230f/pytest-9.0.2.tar.gz", hash = "sha256:75186651a92bd89611d1d9fc20f0b4345fd827c41ccd5c299a868a05d70edf11", size = 1568901, upload-time = "2025-12-06T21:30:51.014Z" }
wheels = [
    { url = "https://files.pythonhosted.org/packages/3b/ab/b3226f0bd7cdcf710fbede2b3548584366da3b19b5021e74f5bde2a8fa3f/pytest-9.0.2-py3-none-any.whl", hash = "sha256:711ffd45bf766d5264d487b917733b453d917afd2b0ad65223959f59089f875b", size = 374801, upload-time = "2025-12-06T21:30:49.154Z" },
]

[[package]]
name = "reg"
version = "0.12"
source = { registry = "https://pypi.org/simple" }
dependencies = [
    { name = "repoze-lru" },
    { name = "setuptools" },
]
sdist = { url = "https://files.pythonhosted.org/packages/84/f7/35426ebde7d795998a086932d418fe0cafcf512d2e799c97a9de55e1e351/reg-0.12.tar.gz", hash = "sha256:e614db46d661d3967657b365fc82aba5f4cd7540d8d81a5fc77dc5adfb5e79f4", size = 55052, upload-time = "2020-01-29T22:01:47.449Z" }
wheels = [
    { url = "https://files.pythonhosted.org/packages/ac/a8/ccf1a3ea3a8e71bab3997fe9c508b32297ef4f60f6b58d72ce9c845f4e60/reg-0.12-py2.py3-none-any.whl", hash = "sha256:a9d06f56828b802d06fb5ceb34212d6a46f351b945f92b668d60dde483a81ecd", size = 29813, upload-time = "2020-01-29T22:01:44.384Z" },
]

[[package]]
name = "repoze-lru"
version = "0.7"
source = { registry = "https://pypi.org/simple" }
sdist = { url = "https://files.pythonhosted.org/packages/12/bc/595a77c4b5e204847fdf19268314ef59c85193a9dc9f83630fc459c0fee5/repoze.lru-0.7.tar.gz", hash = "sha256:0429a75e19380e4ed50c0694e26ac8819b4ea7851ee1fc7583c8572db80aff77", size = 19591, upload-time = "2017-09-07T05:01:00.949Z" }
wheels = [
    { url = "https://files.pythonhosted.org/packages/b0/30/6cc0c95f0b59ad4b3b9163bff7cdcf793cc96fac64cf398ff26271f5cf5e/repoze.lru-0.7-py3-none-any.whl", hash = "sha256:f77bf0e1096ea445beadd35f3479c5cff2aa1efe604a133e67150bc8630a62ea", size = 10985, upload-time = "2017-09-07T05:01:00.007Z" },
]

[[package]]
name = "setuptools"
version = "80.10.2"
source = { registry = "https://pypi.org/simple" }
sdist = { url = "https://files.pythonhosted.org/packages/76/95/faf61eb8363f26aa7e1d762267a8d602a1b26d4f3a1e758e92cb3cb8b054/setuptools-80.10.2.tar.gz", hash = "sha256:8b0e9d10c784bf7d262c4e5ec5d4ec94127ce206e8738f29a437945fbc219b70", size = 1200343, upload-time = "2026-01-25T22:38:17.252Z" }
wheels = [
    { url = "https://files.pythonhosted.org/packages/94/b8/f1f62a5e3c0ad2ff1d189590bfa4c46b4f3b6e49cef6f26c6ee4e575394d/setuptools-80.10.2-py3-none-any.whl", hash = "sha256:95b30ddfb717250edb492926c92b5221f7ef3fbcc2b07579bcd4a27da21d0173", size = 1064234, upload-time = "2026-01-25T22:38:15.216Z" },
]

[[package]]
name = "translationstring"
version = "1.4"
source = { registry = "https://pypi.org/simple" }
sdist = { url = "https://files.pythonhosted.org/packages/14/39/32325add93da9439775d7fe4b4887eb7986dbc1d5675b0431f4531f560e5/translationstring-1.4.tar.gz", hash = "sha256:bf947538d76e69ba12ab17283b10355a9ecfbc078e6123443f43f2107f6376f3", size = 24199, upload-time = "2020-07-09T11:58:32.041Z" }
wheels = [
    { url = "https://files.pythonhosted.org/packages/3b/98/36187601a15e3d37e9bfcf0e0e1055532b39d044353b06861c3a519737a9/translationstring-1.4-py2.py3-none-any.whl", hash = "sha256:5f4dc4d939573db851c8d840551e1a0fb27b946afe3b95aafc22577eed2d6262", size = 15028, upload-time = "2020-07-09T11:58:30.995Z" },
]
